
Microsoft Visual Studio Solution File, Format Version 12.00
# Visual Studio Version 17
VisualStudioVersion = 17.14.36429.23 d17.14
MinimumVisualStudioVersion = 10.0.40219.1
Project("{FAE04EC0-301F-11D3-BF4B-00C04F79EFBC}") = "Week04_TestApp", "Week04_TestApp\Week04_TestApp.csproj", "{0E9DB427-92A2-4D7E-8BF2-5E5D75E47AAE}"
EndProject
Global
	GlobalSection(SolutionConfigurationPlatforms) = preSolution
		Debug|Any CPU = Debug|Any CPU
		Release|Any CPU = Release|Any CPU
	EndGlobalSection
	GlobalSection(ProjectConfigurationPlatforms) = postSolution
		{0E9DB427-92A2-4D7E-8BF2-5E5D75E47AAE}.Debug|Any CPU.ActiveCfg = Debug|Any CPU
		{0E9DB427-92A2-4D7E-8BF2-5E5D75E47AAE}.Debug|Any CPU.Build.0 = Debug|Any CPU
		{0E9DB427-92A2-4D7E-8BF2-5E5D75E47AAE}.Release|Any CPU.ActiveCfg = Release|Any CPU
		{0E9DB427-92A2-4D7E-8BF2-5E5D75E47AAE}.Release|Any CPU.Build.0 = Release|Any CPU
	EndGlobalSection
	GlobalSection(SolutionProperties) = preSolution
		HideSolutionNode = FALSE
	EndGlobalSection
	GlobalSection(ExtensibilityGlobals) = postSolution
		SolutionGuid = {B55E30AD-18B8-4EA2-9A16-C077B0D7FE38}
	EndGlobalSection
EndGlobal
